// !$*UTF8*$!
{
	archiveVersion = 1;
	classes = {
	};
	objectVersion = 46;
	objects = {

/* Begin PBXBuildFile section */
		3F01CA2018315B34004DCCE5 /* EnergyCreatorSystem.cpp in Sources */ = {isa = PBXBuildFile; fileRef = 3F01CA1E18315B34004DCCE5 /* EnergyCreatorSystem.cpp */; };
		3F01CA2118315B34004DCCE5 /* EnergyCreatorSystem.h in Headers */ = {isa = PBXBuildFile; fileRef = 3F01CA1F18315B34004DCCE5 /* EnergyCreatorSystem.h */; };
		3F01CA2318315BB6004DCCE5 /* EnergyGeneratorComponent.h in Headers */ = {isa = PBXBuildFile; fileRef = 3F01CA2218315BB6004DCCE5 /* EnergyGeneratorComponent.h */; };
		3F20BB60184229C30051003D /* AISystem.cpp in Sources */ = {isa = PBXBuildFile; fileRef = 3F20BB5E184229C30051003D /* AISystem.cpp */; };
		3F20BB61184229C30051003D /* AISystem.h in Headers */ = {isa = PBXBuildFile; fileRef = 3F20BB5F184229C30051003D /* AISystem.h */; };
		3F409CC518105F0C00A8063B /* TargetComponent.h in Headers */ = {isa = PBXBuildFile; fileRef = 3F409CC418105F0C00A8063B /* TargetComponent.h */; };
		3F409CC81810606D00A8063B /* TargetEnergySystem.cpp in Sources */ = {isa = PBXBuildFile; fileRef = 3F409CC61810606D00A8063B /* TargetEnergySystem.cpp */; };
		3F409CC91810606D00A8063B /* TargetEnergySystem.h in Headers */ = {isa = PBXBuildFile; fileRef = 3F409CC71810606D00A8063B /* TargetEnergySystem.h */; };
		3F49B7B31832B02B00EE7639 /* InputProcessor.cpp in Sources */ = {isa = PBXBuildFile; fileRef = 3F49B7B11832B02B00EE7639 /* InputProcessor.cpp */; };
		3F49B7B41832B02B00EE7639 /* InputProcessor.h in Headers */ = {isa = PBXBuildFile; fileRef = 3F49B7B21832B02B00EE7639 /* InputProcessor.h */; };
		3F4ECCE2182F9540002425F7 /* CircleRenderable.cpp in Sources */ = {isa = PBXBuildFile; fileRef = 3F4ECCE0182F9540002425F7 /* CircleRenderable.cpp */; };
		3F4ECCE3182F9540002425F7 /* CircleRenderable.h in Headers */ = {isa = PBXBuildFile; fileRef = 3F4ECCE1182F9540002425F7 /* CircleRenderable.h */; };
		3F5262CD17FA291C006E4A3C /* libglfw3.a in Frameworks */ = {isa = PBXBuildFile; fileRef = 3F5262CC17FA291C006E4A3C /* libglfw3.a */; };
		3F5262CF17FA2D64006E4A3C /* IOKit.framework in Frameworks */ = {isa = PBXBuildFile; fileRef = 3F5262CE17FA2D64006E4A3C /* IOKit.framework */; };
		3F5262D117FA2D6F006E4A3C /* Cocoa.framework in Frameworks */ = {isa = PBXBuildFile; fileRef = 3F5262D017FA2D6F006E4A3C /* Cocoa.framework */; };
		3F5262D217FA2D98006E4A3C /* OpenGL.framework in Frameworks */ = {isa = PBXBuildFile; fileRef = 3FDE0AFB17F61FB8000A7DE1 /* OpenGL.framework */; };
		3F548CC41827AC9B00BAE9A4 /* TowerRenderable.cpp in Sources */ = {isa = PBXBuildFile; fileRef = 3F548CC21827AC9B00BAE9A4 /* TowerRenderable.cpp */; };
		3F548CC51827AC9B00BAE9A4 /* TowerRenderable.h in Headers */ = {isa = PBXBuildFile; fileRef = 3F548CC31827AC9B00BAE9A4 /* TowerRenderable.h */; };
		3F548CC91829726D00BAE9A4 /* EnergyStorageComponent.h in Headers */ = {isa = PBXBuildFile; fileRef = 3F548CC71829726D00BAE9A4 /* EnergyStorageComponent.h */; };
		3F548CCC18297EA000BAE9A4 /* EnergyBalanceSystem.cpp in Sources */ = {isa = PBXBuildFile; fileRef = 3F548CCA18297EA000BAE9A4 /* EnergyBalanceSystem.cpp */; };
		3F548CCD18297EA000BAE9A4 /* EnergyBalanceSystem.h in Headers */ = {isa = PBXBuildFile; fileRef = 3F548CCB18297EA000BAE9A4 /* EnergyBalanceSystem.h */; };
		3F548CD01829871E00BAE9A4 /* Game2Logic.cpp in Sources */ = {isa = PBXBuildFile; fileRef = 3F548CCE1829871E00BAE9A4 /* Game2Logic.cpp */; };
		3F548CD11829871E00BAE9A4 /* Game2Logic.h in Headers */ = {isa = PBXBuildFile; fileRef = 3F548CCF1829871E00BAE9A4 /* Game2Logic.h */; };
		3F708DB1182D4AF500BF964E /* Tests.cpp in Sources */ = {isa = PBXBuildFile; fileRef = 3F708DAF182D4AF500BF964E /* Tests.cpp */; };
		3F708DB2182D4AF500BF964E /* Tests.h in Headers */ = {isa = PBXBuildFile; fileRef = 3F708DB0182D4AF500BF964E /* Tests.h */; };
		3F708DB4182D4C7900BF964E /* Vector2f.cpp in Sources */ = {isa = PBXBuildFile; fileRef = 3F708DB3182D4C7900BF964E /* Vector2f.cpp */; };
		3F708DB7182D5B3300BF964E /* NodeComponent.cpp in Sources */ = {isa = PBXBuildFile; fileRef = 3F708DB5182D5B3300BF964E /* NodeComponent.cpp */; };
		3F708DB8182D5B3300BF964E /* NodeComponent.h in Headers */ = {isa = PBXBuildFile; fileRef = 3F708DB6182D5B3300BF964E /* NodeComponent.h */; };
		3F7464DC180DD790000650C3 /* ConnectorComponent.h in Headers */ = {isa = PBXBuildFile; fileRef = 3F7464DB180DD790000650C3 /* ConnectorComponent.h */; };
		3F7464DE180DDD10000650C3 /* LineRenderable.h in Headers */ = {isa = PBXBuildFile; fileRef = 3F7464DD180DDD10000650C3 /* LineRenderable.h */; };
		3F7464E0180DDDE6000650C3 /* LineRenderable.cpp in Sources */ = {isa = PBXBuildFile; fileRef = 3F7464DF180DDDE6000650C3 /* LineRenderable.cpp */; };
		3F8C3925184B5F5E003E8DD1 /* ShrPtr.h in Headers */ = {isa = PBXBuildFile; fileRef = 3F8C3923184B5F5E003E8DD1 /* ShrPtr.h */; };
		3F8C392B184B9CB6003E8DD1 /* Obj.h in Headers */ = {isa = PBXBuildFile; fileRef = 3F8C392A184B9CB6003E8DD1 /* Obj.h */; };
		3FB125811837E2AA00494376 /* EnergyStorageComponent.cpp in Sources */ = {isa = PBXBuildFile; fileRef = 3FB1257F1837E2AA00494376 /* EnergyStorageComponent.cpp */; };
		3FC2B00F1838D7DA00FA5B5E /* Cursor.cpp in Sources */ = {isa = PBXBuildFile; fileRef = 3FC2B00D1838D7DA00FA5B5E /* Cursor.cpp */; };
		3FC2B0101838D7DA00FA5B5E /* Cursor.h in Headers */ = {isa = PBXBuildFile; fileRef = 3FC2B00E1838D7DA00FA5B5E /* Cursor.h */; };
		3FC2B0131838DCAD00FA5B5E /* RingRenderable.cpp in Sources */ = {isa = PBXBuildFile; fileRef = 3FC2B0111838DCAD00FA5B5E /* RingRenderable.cpp */; };
		3FC2B0141838DCAD00FA5B5E /* RingRenderable.h in Headers */ = {isa = PBXBuildFile; fileRef = 3FC2B0121838DCAD00FA5B5E /* RingRenderable.h */; };
		3FD1F6F118265A3F003B0BF4 /* ConnectorComponent.cpp in Sources */ = {isa = PBXBuildFile; fileRef = 3FD1F6F018265A3F003B0BF4 /* ConnectorComponent.cpp */; };
		3FD1F6F31826693D003B0BF4 /* RefEntity.cpp in Sources */ = {isa = PBXBuildFile; fileRef = 3FD1F6F21826693D003B0BF4 /* RefEntity.cpp */; };
		3FDB01901825734D003396A4 /* RefEntity.h in Headers */ = {isa = PBXBuildFile; fileRef = 3FDB018E1825734D003396A4 /* RefEntity.h */; };
		3FDB01921825750E003396A4 /* TargetComponent.cpp in Sources */ = {isa = PBXBuildFile; fileRef = 3FDB01911825750E003396A4 /* TargetComponent.cpp */; };
		3FDE0ABF17F61D8D000A7DE1 /* main.cpp in Sources */ = {isa = PBXBuildFile; fileRef = 3FDE0ABE17F61D8D000A7DE1 /* main.cpp */; };
		3FDE0AC117F61D8D000A7DE1 /* Game2.1 in CopyFiles */ = {isa = PBXBuildFile; fileRef = 3FDE0AC017F61D8D000A7DE1 /* Game2.1 */; };
		3FDE0B6017F7022F000A7DE1 /* GameEngine.cpp in Sources */ = {isa = PBXBuildFile; fileRef = 3FDE0B3C17F70217000A7DE1 /* GameEngine.cpp */; };
		3FDE0B6117F7029A000A7DE1 /* Matrix4f.cpp in Sources */ = {isa = PBXBuildFile; fileRef = 3FDE0B2F17F70217000A7DE1 /* Matrix4f.cpp */; };
		3FDE0B6217F7029A000A7DE1 /* ThreadLock.cpp in Sources */ = {isa = PBXBuildFile; fileRef = 3FDE0B3117F70217000A7DE1 /* ThreadLock.cpp */; };
		3FDE0B6317F7029A000A7DE1 /* BaseSystem.cpp in Sources */ = {isa = PBXBuildFile; fileRef = 3FDE0B3617F70217000A7DE1 /* BaseSystem.cpp */; };
		3FDE0B6417F7029A000A7DE1 /* Entity.cpp in Sources */ = {isa = PBXBuildFile; fileRef = 3FDE0B3817F70217000A7DE1 /* Entity.cpp */; };
		3FDE0B6517F7029A000A7DE1 /* GameLogic.cpp in Sources */ = {isa = PBXBuildFile; fileRef = 3FDE0B3A17F70217000A7DE1 /* GameLogic.cpp */; };
		3FDE0B6617F7029A000A7DE1 /* EntityFabric.cpp in Sources */ = {isa = PBXBuildFile; fileRef = 3FDE0B4417F70217000A7DE1 /* EntityFabric.cpp */; };
		3FDE0B6717F7029A000A7DE1 /* CollisionSystem.cpp in Sources */ = {isa = PBXBuildFile; fileRef = 3FDE0B4717F70217000A7DE1 /* CollisionSystem.cpp */; };
		3FDE0B6817F7029A000A7DE1 /* MoveSystem.cpp in Sources */ = {isa = PBXBuildFile; fileRef = 3FDE0B4917F70217000A7DE1 /* MoveSystem.cpp */; };
		3FDE0B6917F7029A000A7DE1 /* RenderSystem.cpp in Sources */ = {isa = PBXBuildFile; fileRef = 3FDE0B4B17F70217000A7DE1 /* RenderSystem.cpp */; };
		3FDE0B6A17F7029A000A7DE1 /* GlobalData.cpp in Sources */ = {isa = PBXBuildFile; fileRef = 3FDE0B4D17F70217000A7DE1 /* GlobalData.cpp */; };
		3FDE0B6B17F7029A000A7DE1 /* BaseRenderable.cpp in Sources */ = {isa = PBXBuildFile; fileRef = 3FDE0B5017F70217000A7DE1 /* BaseRenderable.cpp */; };
		3FDE0B6C17F7029A000A7DE1 /* Camera.cpp in Sources */ = {isa = PBXBuildFile; fileRef = 3FDE0B5217F70217000A7DE1 /* Camera.cpp */; };
		3FDE0B6D17F7029A000A7DE1 /* Grid.cpp in Sources */ = {isa = PBXBuildFile; fileRef = 3FDE0B5417F70217000A7DE1 /* Grid.cpp */; };
		3FDE0B6E17F7029A000A7DE1 /* RectRenderable.cpp in Sources */ = {isa = PBXBuildFile; fileRef = 3FDE0B5617F70217000A7DE1 /* RectRenderable.cpp */; };
		3FDE0B6F17F7029A000A7DE1 /* Renderer.cpp in Sources */ = {isa = PBXBuildFile; fileRef = 3FDE0B5817F70217000A7DE1 /* Renderer.cpp */; };
		3FDE0B7017F7029A000A7DE1 /* Shader.cpp in Sources */ = {isa = PBXBuildFile; fileRef = 3FDE0B5B17F70217000A7DE1 /* Shader.cpp */; };
		3FDE0B7117F7029A000A7DE1 /* Timer.cpp in Sources */ = {isa = PBXBuildFile; fileRef = 3FDE0B5E17F70217000A7DE1 /* Timer.cpp */; };
		3FDE0B7417F703DC000A7DE1 /* Game2_engine.dylib in Frameworks */ = {isa = PBXBuildFile; fileRef = 3FDE0B1817F6FF13000A7DE1 /* Game2_engine.dylib */; };
		3FDE0B7617F70F54000A7DE1 /* OpenGL.framework in Frameworks */ = {isa = PBXBuildFile; fileRef = 3FDE0AFB17F61FB8000A7DE1 /* OpenGL.framework */; };
/* End PBXBuildFile section */

/* Begin PBXContainerItemProxy section */
		3FDE0B7217F70382000A7DE1 /* PBXContainerItemProxy */ = {
			isa = PBXContainerItemProxy;
			containerPortal = 3FDE0AB317F61D8D000A7DE1 /* Project object */;
			proxyType = 1;
			remoteGlobalIDString = 3FDE0B1717F6FF13000A7DE1;
			remoteInfo = Game2_engine;
		};
/* End PBXContainerItemProxy section */

/* Begin PBXCopyFilesBuildPhase section */
		3FDE0AB917F61D8D000A7DE1 /* CopyFiles */ = {
			isa = PBXCopyFilesBuildPhase;
			buildActionMask = 2147483647;
			dstPath = /usr/share/man/man1/;
			dstSubfolderSpec = 0;
			files = (
				3FDE0AC117F61D8D000A7DE1 /* Game2.1 in CopyFiles */,
			);
			runOnlyForDeploymentPostprocessing = 1;
		};
/* End PBXCopyFilesBuildPhase section */

/* Begin PBXFileReference section */
		3F01CA1E18315B34004DCCE5 /* EnergyCreatorSystem.cpp */ = {isa = PBXFileReference; fileEncoding = 4; lastKnownFileType = sourcecode.cpp.cpp; path = EnergyCreatorSystem.cpp; sourceTree = "<group>"; };
		3F01CA1F18315B34004DCCE5 /* EnergyCreatorSystem.h */ = {isa = PBXFileReference; fileEncoding = 4; lastKnownFileType = sourcecode.c.h; path = EnergyCreatorSystem.h; sourceTree = "<group>"; };
		3F01CA2218315BB6004DCCE5 /* EnergyGeneratorComponent.h */ = {isa = PBXFileReference; fileEncoding = 4; lastKnownFileType = sourcecode.c.h; path = EnergyGeneratorComponent.h; sourceTree = "<group>"; };
		3F20BB5E184229C30051003D /* AISystem.cpp */ = {isa = PBXFileReference; fileEncoding = 4; lastKnownFileType = sourcecode.cpp.cpp; path = AISystem.cpp; sourceTree = "<group>"; };
		3F20BB5F184229C30051003D /* AISystem.h */ = {isa = PBXFileReference; fileEncoding = 4; lastKnownFileType = sourcecode.c.h; path = AISystem.h; sourceTree = "<group>"; };
		3F409CC418105F0C00A8063B /* TargetComponent.h */ = {isa = PBXFileReference; fileEncoding = 4; lastKnownFileType = sourcecode.c.h; path = TargetComponent.h; sourceTree = "<group>"; };
		3F409CC61810606D00A8063B /* TargetEnergySystem.cpp */ = {isa = PBXFileReference; fileEncoding = 4; lastKnownFileType = sourcecode.cpp.cpp; path = TargetEnergySystem.cpp; sourceTree = "<group>"; };
		3F409CC71810606D00A8063B /* TargetEnergySystem.h */ = {isa = PBXFileReference; fileEncoding = 4; lastKnownFileType = sourcecode.c.h; path = TargetEnergySystem.h; sourceTree = "<group>"; };
		3F49B7B11832B02B00EE7639 /* InputProcessor.cpp */ = {isa = PBXFileReference; fileEncoding = 4; lastKnownFileType = sourcecode.cpp.cpp; path = InputProcessor.cpp; sourceTree = "<group>"; };
		3F49B7B21832B02B00EE7639 /* InputProcessor.h */ = {isa = PBXFileReference; fileEncoding = 4; lastKnownFileType = sourcecode.c.h; path = InputProcessor.h; sourceTree = "<group>"; };
		3F49B7B51832B79B00EE7639 /* TouchableComponent.h */ = {isa = PBXFileReference; lastKnownFileType = sourcecode.c.h; path = TouchableComponent.h; sourceTree = "<group>"; };
		3F4ECCE0182F9540002425F7 /* CircleRenderable.cpp */ = {isa = PBXFileReference; fileEncoding = 4; lastKnownFileType = sourcecode.cpp.cpp; path = CircleRenderable.cpp; sourceTree = "<group>"; };
		3F4ECCE1182F9540002425F7 /* CircleRenderable.h */ = {isa = PBXFileReference; fileEncoding = 4; lastKnownFileType = sourcecode.c.h; path = CircleRenderable.h; sourceTree = "<group>"; };
		3F5262CC17FA291C006E4A3C /* libglfw3.a */ = {isa = PBXFileReference; lastKnownFileType = archive.ar; name = libglfw3.a; path = ../../../../glfw/libglfw3.a; sourceTree = "<group>"; };
		3F5262CE17FA2D64006E4A3C /* IOKit.framework */ = {isa = PBXFileReference; lastKnownFileType = wrapper.framework; name = IOKit.framework; path = System/Library/Frameworks/IOKit.framework; sourceTree = SDKROOT; };
		3F5262D017FA2D6F006E4A3C /* Cocoa.framework */ = {isa = PBXFileReference; lastKnownFileType = wrapper.framework; name = Cocoa.framework; path = System/Library/Frameworks/Cocoa.framework; sourceTree = SDKROOT; };
		3F548CC21827AC9B00BAE9A4 /* TowerRenderable.cpp */ = {isa = PBXFileReference; fileEncoding = 4; lastKnownFileType = sourcecode.cpp.cpp; path = TowerRenderable.cpp; sourceTree = "<group>"; };
		3F548CC31827AC9B00BAE9A4 /* TowerRenderable.h */ = {isa = PBXFileReference; fileEncoding = 4; lastKnownFileType = sourcecode.c.h; path = TowerRenderable.h; sourceTree = "<group>"; };
		3F548CC71829726D00BAE9A4 /* EnergyStorageComponent.h */ = {isa = PBXFileReference; fileEncoding = 4; lastKnownFileType = sourcecode.c.h; path = EnergyStorageComponent.h; sourceTree = "<group>"; };
		3F548CCA18297EA000BAE9A4 /* EnergyBalanceSystem.cpp */ = {isa = PBXFileReference; fileEncoding = 4; lastKnownFileType = sourcecode.cpp.cpp; path = EnergyBalanceSystem.cpp; sourceTree = "<group>"; };
		3F548CCB18297EA000BAE9A4 /* EnergyBalanceSystem.h */ = {isa = PBXFileReference; fileEncoding = 4; lastKnownFileType = sourcecode.c.h; path = EnergyBalanceSystem.h; sourceTree = "<group>"; };
		3F548CCE1829871E00BAE9A4 /* Game2Logic.cpp */ = {isa = PBXFileReference; fileEncoding = 4; lastKnownFileType = sourcecode.cpp.cpp; path = Game2Logic.cpp; sourceTree = "<group>"; };
		3F548CCF1829871E00BAE9A4 /* Game2Logic.h */ = {isa = PBXFileReference; fileEncoding = 4; lastKnownFileType = sourcecode.c.h; path = Game2Logic.h; sourceTree = "<group>"; };
		3F708DAF182D4AF500BF964E /* Tests.cpp */ = {isa = PBXFileReference; fileEncoding = 4; lastKnownFileType = sourcecode.cpp.cpp; path = Tests.cpp; sourceTree = "<group>"; };
		3F708DB0182D4AF500BF964E /* Tests.h */ = {isa = PBXFileReference; fileEncoding = 4; lastKnownFileType = sourcecode.c.h; path = Tests.h; sourceTree = "<group>"; };
		3F708DB3182D4C7900BF964E /* Vector2f.cpp */ = {isa = PBXFileReference; fileEncoding = 4; lastKnownFileType = sourcecode.cpp.cpp; path = Vector2f.cpp; sourceTree = "<group>"; };
		3F708DB5182D5B3300BF964E /* NodeComponent.cpp */ = {isa = PBXFileReference; fileEncoding = 4; lastKnownFileType = sourcecode.cpp.cpp; path = NodeComponent.cpp; sourceTree = "<group>"; };
		3F708DB6182D5B3300BF964E /* NodeComponent.h */ = {isa = PBXFileReference; fileEncoding = 4; lastKnownFileType = sourcecode.c.h; path = NodeComponent.h; sourceTree = "<group>"; };
		3F7464DB180DD790000650C3 /* ConnectorComponent.h */ = {isa = PBXFileReference; fileEncoding = 4; lastKnownFileType = sourcecode.c.h; path = ConnectorComponent.h; sourceTree = "<group>"; };
		3F7464DD180DDD10000650C3 /* LineRenderable.h */ = {isa = PBXFileReference; fileEncoding = 4; lastKnownFileType = sourcecode.c.h; path = LineRenderable.h; sourceTree = "<group>"; };
		3F7464DF180DDDE6000650C3 /* LineRenderable.cpp */ = {isa = PBXFileReference; fileEncoding = 4; lastKnownFileType = sourcecode.cpp.cpp; path = LineRenderable.cpp; sourceTree = "<group>"; };
		3F8C3923184B5F5E003E8DD1 /* ShrPtr.h */ = {isa = PBXFileReference; fileEncoding = 4; lastKnownFileType = sourcecode.c.h; name = ShrPtr.h; path = ../ECS/ShrPtr.h; sourceTree = "<group>"; };
		3F8C392A184B9CB6003E8DD1 /* Obj.h */ = {isa = PBXFileReference; fileEncoding = 4; lastKnownFileType = sourcecode.c.h; path = Obj.h; sourceTree = "<group>"; };
		3FB1257F1837E2AA00494376 /* EnergyStorageComponent.cpp */ = {isa = PBXFileReference; fileEncoding = 4; lastKnownFileType = sourcecode.cpp.cpp; path = EnergyStorageComponent.cpp; sourceTree = "<group>"; };
		3FC2B00D1838D7DA00FA5B5E /* Cursor.cpp */ = {isa = PBXFileReference; fileEncoding = 4; lastKnownFileType = sourcecode.cpp.cpp; path = Cursor.cpp; sourceTree = "<group>"; };
		3FC2B00E1838D7DA00FA5B5E /* Cursor.h */ = {isa = PBXFileReference; fileEncoding = 4; lastKnownFileType = sourcecode.c.h; path = Cursor.h; sourceTree = "<group>"; };
		3FC2B0111838DCAD00FA5B5E /* RingRenderable.cpp */ = {isa = PBXFileReference; fileEncoding = 4; lastKnownFileType = sourcecode.cpp.cpp; path = RingRenderable.cpp; sourceTree = "<group>"; };
		3FC2B0121838DCAD00FA5B5E /* RingRenderable.h */ = {isa = PBXFileReference; fileEncoding = 4; lastKnownFileType = sourcecode.c.h; path = RingRenderable.h; sourceTree = "<group>"; };
		3FC2B0151838EA3500FA5B5E /* PlayerIdComponent.h */ = {isa = PBXFileReference; lastKnownFileType = sourcecode.c.h; path = PlayerIdComponent.h; sourceTree = "<group>"; };
		3FD1F6F018265A3F003B0BF4 /* ConnectorComponent.cpp */ = {isa = PBXFileReference; fileEncoding = 4; lastKnownFileType = sourcecode.cpp.cpp; path = ConnectorComponent.cpp; sourceTree = "<group>"; };
		3FD1F6F21826693D003B0BF4 /* RefEntity.cpp */ = {isa = PBXFileReference; fileEncoding = 4; lastKnownFileType = sourcecode.cpp.cpp; path = RefEntity.cpp; sourceTree = "<group>"; };
		3FDB018E1825734D003396A4 /* RefEntity.h */ = {isa = PBXFileReference; fileEncoding = 4; lastKnownFileType = sourcecode.c.h; path = RefEntity.h; sourceTree = "<group>"; };
		3FDB01911825750E003396A4 /* TargetComponent.cpp */ = {isa = PBXFileReference; fileEncoding = 4; lastKnownFileType = sourcecode.cpp.cpp; path = TargetComponent.cpp; sourceTree = "<group>"; };
		3FDE0ABB17F61D8D000A7DE1 /* Game2 */ = {isa = PBXFileReference; explicitFileType = "compiled.mach-o.executable"; includeInIndex = 0; path = Game2; sourceTree = BUILT_PRODUCTS_DIR; };
		3FDE0ABE17F61D8D000A7DE1 /* main.cpp */ = {isa = PBXFileReference; lastKnownFileType = sourcecode.cpp.cpp; path = main.cpp; sourceTree = "<group>"; };
		3FDE0AC017F61D8D000A7DE1 /* Game2.1 */ = {isa = PBXFileReference; lastKnownFileType = text.man; path = Game2.1; sourceTree = "<group>"; };
		3FDE0AFB17F61FB8000A7DE1 /* OpenGL.framework */ = {isa = PBXFileReference; lastKnownFileType = wrapper.framework; name = OpenGL.framework; path = System/Library/Frameworks/OpenGL.framework; sourceTree = SDKROOT; };
		3FDE0AFD17F62E69000A7DE1 /* GLUT.framework */ = {isa = PBXFileReference; lastKnownFileType = wrapper.framework; name = GLUT.framework; path = System/Library/Frameworks/GLUT.framework; sourceTree = SDKROOT; };
		3FDE0B1817F6FF13000A7DE1 /* Game2_engine.dylib */ = {isa = PBXFileReference; explicitFileType = "compiled.mach-o.dylib"; includeInIndex = 0; path = Game2_engine.dylib; sourceTree = BUILT_PRODUCTS_DIR; };
		3FDE0B1B17F6FF13000A7DE1 /* Game2_engine-Prefix.pch */ = {isa = PBXFileReference; lastKnownFileType = sourcecode.c.h; path = "Game2_engine-Prefix.pch"; sourceTree = "<group>"; };
		3FDE0B1C17F6FF13000A7DE1 /* Game2_engineProj.xcconfig */ = {isa = PBXFileReference; lastKnownFileType = text.xcconfig; path = Game2_engineProj.xcconfig; sourceTree = "<group>"; };
		3FDE0B1D17F6FF13000A7DE1 /* Game2_engineTarget.xcconfig */ = {isa = PBXFileReference; lastKnownFileType = text.xcconfig; path = Game2_engineTarget.xcconfig; sourceTree = "<group>"; };
		3FDE0B2E17F70217000A7DE1 /* Color3f.h */ = {isa = PBXFileReference; lastKnownFileType = sourcecode.c.h; path = Color3f.h; sourceTree = "<group>"; };
		3FDE0B2F17F70217000A7DE1 /* Matrix4f.cpp */ = {isa = PBXFileReference; lastKnownFileType = sourcecode.cpp.cpp; path = Matrix4f.cpp; sourceTree = "<group>"; };
		3FDE0B3017F70217000A7DE1 /* Matrix4f.h */ = {isa = PBXFileReference; lastKnownFileType = sourcecode.c.h; path = Matrix4f.h; sourceTree = "<group>"; };
		3FDE0B3117F70217000A7DE1 /* ThreadLock.cpp */ = {isa = PBXFileReference; lastKnownFileType = sourcecode.cpp.cpp; path = ThreadLock.cpp; sourceTree = "<group>"; };
		3FDE0B3217F70217000A7DE1 /* ThreadLock.h */ = {isa = PBXFileReference; lastKnownFileType = sourcecode.c.h; path = ThreadLock.h; sourceTree = "<group>"; };
		3FDE0B3317F70217000A7DE1 /* Vector2f.h */ = {isa = PBXFileReference; lastKnownFileType = sourcecode.c.h; path = Vector2f.h; sourceTree = "<group>"; };
		3FDE0B3517F70217000A7DE1 /* BaseComponent.h */ = {isa = PBXFileReference; lastKnownFileType = sourcecode.c.h; path = BaseComponent.h; sourceTree = "<group>"; };
		3FDE0B3617F70217000A7DE1 /* BaseSystem.cpp */ = {isa = PBXFileReference; lastKnownFileType = sourcecode.cpp.cpp; path = BaseSystem.cpp; sourceTree = "<group>"; };
		3FDE0B3717F70217000A7DE1 /* BaseSystem.h */ = {isa = PBXFileReference; lastKnownFileType = sourcecode.c.h; path = BaseSystem.h; sourceTree = "<group>"; };
		3FDE0B3817F70217000A7DE1 /* Entity.cpp */ = {isa = PBXFileReference; lastKnownFileType = sourcecode.cpp.cpp; path = Entity.cpp; sourceTree = "<group>"; };
		3FDE0B3917F70217000A7DE1 /* Entity.h */ = {isa = PBXFileReference; lastKnownFileType = sourcecode.c.h; path = Entity.h; sourceTree = "<group>"; };
		3FDE0B3A17F70217000A7DE1 /* GameLogic.cpp */ = {isa = PBXFileReference; lastKnownFileType = sourcecode.cpp.cpp; path = GameLogic.cpp; sourceTree = "<group>"; };
		3FDE0B3B17F70217000A7DE1 /* GameLogic.h */ = {isa = PBXFileReference; lastKnownFileType = sourcecode.c.h; path = GameLogic.h; sourceTree = "<group>"; };
		3FDE0B3C17F70217000A7DE1 /* GameEngine.cpp */ = {isa = PBXFileReference; lastKnownFileType = sourcecode.cpp.cpp; path = GameEngine.cpp; sourceTree = "<group>"; };
		3FDE0B3D17F70217000A7DE1 /* GameEngine.h */ = {isa = PBXFileReference; lastKnownFileType = sourcecode.c.h; path = GameEngine.h; sourceTree = "<group>"; };
		3FDE0B4017F70217000A7DE1 /* MovementComponent.h */ = {isa = PBXFileReference; lastKnownFileType = sourcecode.c.h; path = MovementComponent.h; sourceTree = "<group>"; };
		3FDE0B4117F70217000A7DE1 /* PositionComponent.h */ = {isa = PBXFileReference; lastKnownFileType = sourcecode.c.h; path = PositionComponent.h; sourceTree = "<group>"; };
		3FDE0B4217F70217000A7DE1 /* RenderComponent.h */ = {isa = PBXFileReference; lastKnownFileType = sourcecode.c.h; path = RenderComponent.h; sourceTree = "<group>"; };
		3FDE0B4317F70217000A7DE1 /* Components.h */ = {isa = PBXFileReference; lastKnownFileType = sourcecode.c.h; path = Components.h; sourceTree = "<group>"; };
		3FDE0B4417F70217000A7DE1 /* EntityFabric.cpp */ = {isa = PBXFileReference; lastKnownFileType = sourcecode.cpp.cpp; path = EntityFabric.cpp; sourceTree = "<group>"; };
		3FDE0B4517F70217000A7DE1 /* EntityFabric.h */ = {isa = PBXFileReference; lastKnownFileType = sourcecode.c.h; path = EntityFabric.h; sourceTree = "<group>"; };
		3FDE0B4717F70217000A7DE1 /* CollisionSystem.cpp */ = {isa = PBXFileReference; lastKnownFileType = sourcecode.cpp.cpp; path = CollisionSystem.cpp; sourceTree = "<group>"; };
		3FDE0B4817F70217000A7DE1 /* CollisionSystem.h */ = {isa = PBXFileReference; lastKnownFileType = sourcecode.c.h; path = CollisionSystem.h; sourceTree = "<group>"; };
		3FDE0B4917F70217000A7DE1 /* MoveSystem.cpp */ = {isa = PBXFileReference; lastKnownFileType = sourcecode.cpp.cpp; path = MoveSystem.cpp; sourceTree = "<group>"; };
		3FDE0B4A17F70217000A7DE1 /* MoveSystem.h */ = {isa = PBXFileReference; lastKnownFileType = sourcecode.c.h; path = MoveSystem.h; sourceTree = "<group>"; };
		3FDE0B4B17F70217000A7DE1 /* RenderSystem.cpp */ = {isa = PBXFileReference; lastKnownFileType = sourcecode.cpp.cpp; path = RenderSystem.cpp; sourceTree = "<group>"; };
		3FDE0B4C17F70217000A7DE1 /* RenderSystem.h */ = {isa = PBXFileReference; lastKnownFileType = sourcecode.c.h; path = RenderSystem.h; sourceTree = "<group>"; };
		3FDE0B4D17F70217000A7DE1 /* GlobalData.cpp */ = {isa = PBXFileReference; lastKnownFileType = sourcecode.cpp.cpp; path = GlobalData.cpp; sourceTree = "<group>"; };
		3FDE0B4E17F70217000A7DE1 /* GlobalData.h */ = {isa = PBXFileReference; lastKnownFileType = sourcecode.c.h; path = GlobalData.h; sourceTree = "<group>"; };
		3FDE0B5017F70217000A7DE1 /* BaseRenderable.cpp */ = {isa = PBXFileReference; lastKnownFileType = sourcecode.cpp.cpp; path = BaseRenderable.cpp; sourceTree = "<group>"; };
		3FDE0B5117F70217000A7DE1 /* BaseRenderable.h */ = {isa = PBXFileReference; lastKnownFileType = sourcecode.c.h; path = BaseRenderable.h; sourceTree = "<group>"; };
		3FDE0B5217F70217000A7DE1 /* Camera.cpp */ = {isa = PBXFileReference; lastKnownFileType = sourcecode.cpp.cpp; path = Camera.cpp; sourceTree = "<group>"; };
		3FDE0B5317F70217000A7DE1 /* Camera.h */ = {isa = PBXFileReference; lastKnownFileType = sourcecode.c.h; path = Camera.h; sourceTree = "<group>"; };
		3FDE0B5417F70217000A7DE1 /* Grid.cpp */ = {isa = PBXFileReference; lastKnownFileType = sourcecode.cpp.cpp; path = Grid.cpp; sourceTree = "<group>"; };
		3FDE0B5517F70217000A7DE1 /* Grid.h */ = {isa = PBXFileReference; lastKnownFileType = sourcecode.c.h; path = Grid.h; sourceTree = "<group>"; };
		3FDE0B5617F70217000A7DE1 /* RectRenderable.cpp */ = {isa = PBXFileReference; lastKnownFileType = sourcecode.cpp.cpp; path = RectRenderable.cpp; sourceTree = "<group>"; };
		3FDE0B5717F70217000A7DE1 /* RectRenderable.h */ = {isa = PBXFileReference; lastKnownFileType = sourcecode.c.h; path = RectRenderable.h; sourceTree = "<group>"; };
		3FDE0B5817F70217000A7DE1 /* Renderer.cpp */ = {isa = PBXFileReference; lastKnownFileType = sourcecode.cpp.cpp; path = Renderer.cpp; sourceTree = "<group>"; };
		3FDE0B5917F70217000A7DE1 /* Renderer.h */ = {isa = PBXFileReference; lastKnownFileType = sourcecode.c.h; path = Renderer.h; sourceTree = "<group>"; };
		3FDE0B5B17F70217000A7DE1 /* Shader.cpp */ = {isa = PBXFileReference; lastKnownFileType = sourcecode.cpp.cpp; path = Shader.cpp; sourceTree = "<group>"; };
		3FDE0B5C17F70217000A7DE1 /* Shader.h */ = {isa = PBXFileReference; lastKnownFileType = sourcecode.c.h; path = Shader.h; sourceTree = "<group>"; };
		3FDE0B5D17F70217000A7DE1 /* shaders.h */ = {isa = PBXFileReference; lastKnownFileType = sourcecode.c.h; path = shaders.h; sourceTree = "<group>"; };
		3FDE0B5E17F70217000A7DE1 /* Timer.cpp */ = {isa = PBXFileReference; lastKnownFileType = sourcecode.cpp.cpp; path = Timer.cpp; sourceTree = "<group>"; };
		3FDE0B5F17F70217000A7DE1 /* Timer.h */ = {isa = PBXFileReference; lastKnownFileType = sourcecode.c.h; path = Timer.h; sourceTree = "<group>"; };
/* End PBXFileReference section */

/* Begin PBXFrameworksBuildPhase section */
		3FDE0AB817F61D8D000A7DE1 /* Frameworks */ = {
			isa = PBXFrameworksBuildPhase;
			buildActionMask = 2147483647;
			files = (
				3F5262D217FA2D98006E4A3C /* OpenGL.framework in Frameworks */,
				3F5262D117FA2D6F006E4A3C /* Cocoa.framework in Frameworks */,
				3F5262CF17FA2D64006E4A3C /* IOKit.framework in Frameworks */,
				3F5262CD17FA291C006E4A3C /* libglfw3.a in Frameworks */,
				3FDE0B7417F703DC000A7DE1 /* Game2_engine.dylib in Frameworks */,
			);
			runOnlyForDeploymentPostprocessing = 0;
		};
		3FDE0B1517F6FF13000A7DE1 /* Frameworks */ = {
			isa = PBXFrameworksBuildPhase;
			buildActionMask = 2147483647;
			files = (
				3FDE0B7617F70F54000A7DE1 /* OpenGL.framework in Frameworks */,
			);
			runOnlyForDeploymentPostprocessing = 0;
		};
/* End PBXFrameworksBuildPhase section */

/* Begin PBXGroup section */
		3FDE0AB217F61D8D000A7DE1 = {
			isa = PBXGroup;
			children = (
				3F5262D017FA2D6F006E4A3C /* Cocoa.framework */,
				3F5262CE17FA2D64006E4A3C /* IOKit.framework */,
				3F5262CC17FA291C006E4A3C /* libglfw3.a */,
				3FDE0AFD17F62E69000A7DE1 /* GLUT.framework */,
				3FDE0AFB17F61FB8000A7DE1 /* OpenGL.framework */,
				3FDE0ABD17F61D8D000A7DE1 /* Game2 */,
				3FDE0B1917F6FF13000A7DE1 /* Game2_engine */,
				3FDE0ABC17F61D8D000A7DE1 /* Products */,
			);
			sourceTree = "<group>";
		};
		3FDE0ABC17F61D8D000A7DE1 /* Products */ = {
			isa = PBXGroup;
			children = (
				3FDE0ABB17F61D8D000A7DE1 /* Game2 */,
				3FDE0B1817F6FF13000A7DE1 /* Game2_engine.dylib */,
			);
			name = Products;
			sourceTree = "<group>";
		};
		3FDE0ABD17F61D8D000A7DE1 /* Game2 */ = {
			isa = PBXGroup;
			children = (
				3FDE0ABE17F61D8D000A7DE1 /* main.cpp */,
				3FDE0AC017F61D8D000A7DE1 /* Game2.1 */,
			);
			path = Game2;
			sourceTree = "<group>";
		};
		3FDE0B1917F6FF13000A7DE1 /* Game2_engine */ = {
			isa = PBXGroup;
			children = (
				3FDE0B2C17F70217000A7DE1 /* engine */,
				3FDE0B1C17F6FF13000A7DE1 /* Game2_engineProj.xcconfig */,
				3FDE0B1D17F6FF13000A7DE1 /* Game2_engineTarget.xcconfig */,
				3FDE0B1A17F6FF13000A7DE1 /* Supporting Files */,
			);
			path = Game2_engine;
			sourceTree = "<group>";
		};
		3FDE0B1A17F6FF13000A7DE1 /* Supporting Files */ = {
			isa = PBXGroup;
			children = (
				3FDE0B1B17F6FF13000A7DE1 /* Game2_engine-Prefix.pch */,
			);
			name = "Supporting Files";
			sourceTree = "<group>";
		};
		3FDE0B2C17F70217000A7DE1 /* engine */ = {
			isa = PBXGroup;
			children = (
				3FDE0B2D17F70217000A7DE1 /* Common */,
				3FDE0B3417F70217000A7DE1 /* ECS */,
				3FDE0B3E17F70217000A7DE1 /* GamePlay */,
				3FDE0B4F17F70217000A7DE1 /* Renderer */,
				3FDE0B3C17F70217000A7DE1 /* GameEngine.cpp */,
				3FDE0B3D17F70217000A7DE1 /* GameEngine.h */,
				3FDE0B4D17F70217000A7DE1 /* GlobalData.cpp */,
				3FDE0B4E17F70217000A7DE1 /* GlobalData.h */,
				3FDE0B5E17F70217000A7DE1 /* Timer.cpp */,
				3FDE0B5F17F70217000A7DE1 /* Timer.h */,
				3F49B7B11832B02B00EE7639 /* InputProcessor.cpp */,
				3F49B7B21832B02B00EE7639 /* InputProcessor.h */,
				3FC2B00D1838D7DA00FA5B5E /* Cursor.cpp */,
				3FC2B00E1838D7DA00FA5B5E /* Cursor.h */,
			);
			name = engine;
			path = ../../../../src/engine;
			sourceTree = "<group>";
		};
		3FDE0B2D17F70217000A7DE1 /* Common */ = {
			isa = PBXGroup;
			children = (
				3F8C392A184B9CB6003E8DD1 /* Obj.h */,
				3F8C3923184B5F5E003E8DD1 /* ShrPtr.h */,
				3FDE0B2E17F70217000A7DE1 /* Color3f.h */,
				3FDE0B2F17F70217000A7DE1 /* Matrix4f.cpp */,
				3FDE0B3017F70217000A7DE1 /* Matrix4f.h */,
				3FDE0B3117F70217000A7DE1 /* ThreadLock.cpp */,
				3FDE0B3217F70217000A7DE1 /* ThreadLock.h */,
				3FDE0B3317F70217000A7DE1 /* Vector2f.h */,
				3F708DB3182D4C7900BF964E /* Vector2f.cpp */,
				3F708DAF182D4AF500BF964E /* Tests.cpp */,
				3F708DB0182D4AF500BF964E /* Tests.h */,
			);
			path = Common;
			sourceTree = "<group>";
		};
		3FDE0B3417F70217000A7DE1 /* ECS */ = {
			isa = PBXGroup;
			children = (
				3FDE0B3517F70217000A7DE1 /* BaseComponent.h */,
				3FDE0B3617F70217000A7DE1 /* BaseSystem.cpp */,
				3FDE0B3717F70217000A7DE1 /* BaseSystem.h */,
				3FDE0B3817F70217000A7DE1 /* Entity.cpp */,
				3FDE0B3917F70217000A7DE1 /* Entity.h */,
				3FDE0B3A17F70217000A7DE1 /* GameLogic.cpp */,
				3FDE0B3B17F70217000A7DE1 /* GameLogic.h */,
				3FDB018E1825734D003396A4 /* RefEntity.h */,
				3FD1F6F21826693D003B0BF4 /* RefEntity.cpp */,
			);
			path = ECS;
			sourceTree = "<group>";
		};
		3FDE0B3E17F70217000A7DE1 /* GamePlay */ = {
			isa = PBXGroup;
			children = (
				3FDE0B3F17F70217000A7DE1 /* Components */,
				3FDE0B4617F70217000A7DE1 /* Systems */,
				3FDE0B4417F70217000A7DE1 /* EntityFabric.cpp */,
				3FDE0B4517F70217000A7DE1 /* EntityFabric.h */,
				3FDE0B4317F70217000A7DE1 /* Components.h */,
				3F548CCE1829871E00BAE9A4 /* Game2Logic.cpp */,
				3F548CCF1829871E00BAE9A4 /* Game2Logic.h */,
			);
			path = GamePlay;
			sourceTree = "<group>";
		};
		3FDE0B3F17F70217000A7DE1 /* Components */ = {
			isa = PBXGroup;
			children = (
				3FDE0B4017F70217000A7DE1 /* MovementComponent.h */,
				3FDE0B4117F70217000A7DE1 /* PositionComponent.h */,
				3FDE0B4217F70217000A7DE1 /* RenderComponent.h */,
				3F7464DB180DD790000650C3 /* ConnectorComponent.h */,
				3FD1F6F018265A3F003B0BF4 /* ConnectorComponent.cpp */,
				3F409CC418105F0C00A8063B /* TargetComponent.h */,
				3FDB01911825750E003396A4 /* TargetComponent.cpp */,
				3F548CC71829726D00BAE9A4 /* EnergyStorageComponent.h */,
				3FB1257F1837E2AA00494376 /* EnergyStorageComponent.cpp */,
				3F708DB5182D5B3300BF964E /* NodeComponent.cpp */,
				3F708DB6182D5B3300BF964E /* NodeComponent.h */,
				3F01CA2218315BB6004DCCE5 /* EnergyGeneratorComponent.h */,
				3F49B7B51832B79B00EE7639 /* TouchableComponent.h */,
				3FC2B0151838EA3500FA5B5E /* PlayerIdComponent.h */,
			);
			path = Components;
			sourceTree = "<group>";
		};
		3FDE0B4617F70217000A7DE1 /* Systems */ = {
			isa = PBXGroup;
			children = (
				3FDE0B4717F70217000A7DE1 /* CollisionSystem.cpp */,
				3FDE0B4817F70217000A7DE1 /* CollisionSystem.h */,
				3FDE0B4917F70217000A7DE1 /* MoveSystem.cpp */,
				3FDE0B4A17F70217000A7DE1 /* MoveSystem.h */,
				3FDE0B4B17F70217000A7DE1 /* RenderSystem.cpp */,
				3FDE0B4C17F70217000A7DE1 /* RenderSystem.h */,
				3F409CC61810606D00A8063B /* TargetEnergySystem.cpp */,
				3F409CC71810606D00A8063B /* TargetEnergySystem.h */,
				3F548CCA18297EA000BAE9A4 /* EnergyBalanceSystem.cpp */,
				3F548CCB18297EA000BAE9A4 /* EnergyBalanceSystem.h */,
				3F01CA1E18315B34004DCCE5 /* EnergyCreatorSystem.cpp */,
				3F01CA1F18315B34004DCCE5 /* EnergyCreatorSystem.h */,
				3F20BB5E184229C30051003D /* AISystem.cpp */,
				3F20BB5F184229C30051003D /* AISystem.h */,
			);
			path = Systems;
			sourceTree = "<group>";
		};
		3FDE0B4F17F70217000A7DE1 /* Renderer */ = {
			isa = PBXGroup;
			children = (
				3FDE0B5017F70217000A7DE1 /* BaseRenderable.cpp */,
				3FDE0B5117F70217000A7DE1 /* BaseRenderable.h */,
				3FDE0B5217F70217000A7DE1 /* Camera.cpp */,
				3FDE0B5317F70217000A7DE1 /* Camera.h */,
				3FDE0B5417F70217000A7DE1 /* Grid.cpp */,
				3FDE0B5517F70217000A7DE1 /* Grid.h */,
				3FDE0B5617F70217000A7DE1 /* RectRenderable.cpp */,
				3FDE0B5717F70217000A7DE1 /* RectRenderable.h */,
				3FDE0B5817F70217000A7DE1 /* Renderer.cpp */,
				3FDE0B5917F70217000A7DE1 /* Renderer.h */,
				3FDE0B5B17F70217000A7DE1 /* Shader.cpp */,
				3FDE0B5C17F70217000A7DE1 /* Shader.h */,
				3FDE0B5D17F70217000A7DE1 /* shaders.h */,
				3F7464DD180DDD10000650C3 /* LineRenderable.h */,
				3F7464DF180DDDE6000650C3 /* LineRenderable.cpp */,
				3F548CC21827AC9B00BAE9A4 /* TowerRenderable.cpp */,
				3F548CC31827AC9B00BAE9A4 /* TowerRenderable.h */,
				3F4ECCE0182F9540002425F7 /* CircleRenderable.cpp */,
				3F4ECCE1182F9540002425F7 /* CircleRenderable.h */,
				3FC2B0111838DCAD00FA5B5E /* RingRenderable.cpp */,
				3FC2B0121838DCAD00FA5B5E /* RingRenderable.h */,
			);
			path = Renderer;
			sourceTree = "<group>";
		};
/* End PBXGroup section */

/* Begin PBXHeadersBuildPhase section */
		3FDE0B1617F6FF13000A7DE1 /* Headers */ = {
			isa = PBXHeadersBuildPhase;
			buildActionMask = 2147483647;
			files = (
				3F548CCD18297EA000BAE9A4 /* EnergyBalanceSystem.h in Headers */,
				3F49B7B41832B02B00EE7639 /* InputProcessor.h in Headers */,
				3F409CC91810606D00A8063B /* TargetEnergySystem.h in Headers */,
				3F4ECCE3182F9540002425F7 /* CircleRenderable.h in Headers */,
				3F409CC518105F0C00A8063B /* TargetComponent.h in Headers */,
				3FDB01901825734D003396A4 /* RefEntity.h in Headers */,
				3F708DB8182D5B3300BF964E /* NodeComponent.h in Headers */,
				3F01CA2318315BB6004DCCE5 /* EnergyGeneratorComponent.h in Headers */,
				3F01CA2118315B34004DCCE5 /* EnergyCreatorSystem.h in Headers */,
				3F20BB61184229C30051003D /* AISystem.h in Headers */,
				3F7464DE180DDD10000650C3 /* LineRenderable.h in Headers */,
				3F8C3925184B5F5E003E8DD1 /* ShrPtr.h in Headers */,
				3FC2B0141838DCAD00FA5B5E /* RingRenderable.h in Headers */,
				3F548CC51827AC9B00BAE9A4 /* TowerRenderable.h in Headers */,
				3F8C392B184B9CB6003E8DD1 /* Obj.h in Headers */,
				3F548CD11829871E00BAE9A4 /* Game2Logic.h in Headers */,
				3FC2B0101838D7DA00FA5B5E /* Cursor.h in Headers */,
				3F548CC91829726D00BAE9A4 /* EnergyStorageComponent.h in Headers */,
				3F708DB2182D4AF500BF964E /* Tests.h in Headers */,
				3F7464DC180DD790000650C3 /* ConnectorComponent.h in Headers */,
			);
			runOnlyForDeploymentPostprocessing = 0;
		};
/* End PBXHeadersBuildPhase section */

/* Begin PBXNativeTarget section */
		3FDE0ABA17F61D8D000A7DE1 /* Game2 */ = {
			isa = PBXNativeTarget;
			buildConfigurationList = 3FDE0AC417F61D8D000A7DE1 /* Build configuration list for PBXNativeTarget "Game2" */;
			buildPhases = (
				3FDE0AB717F61D8D000A7DE1 /* Sources */,
				3FDE0AB817F61D8D000A7DE1 /* Frameworks */,
				3FDE0AB917F61D8D000A7DE1 /* CopyFiles */,
			);
			buildRules = (
			);
			dependencies = (
				3FDE0B7317F70382000A7DE1 /* PBXTargetDependency */,
			);
			name = Game2;
			productName = Game2;
			productReference = 3FDE0ABB17F61D8D000A7DE1 /* Game2 */;
			productType = "com.apple.product-type.tool";
		};
		3FDE0B1717F6FF13000A7DE1 /* Game2_engine */ = {
			isa = PBXNativeTarget;
			buildConfigurationList = 3FDE0B2217F6FF13000A7DE1 /* Build configuration list for PBXNativeTarget "Game2_engine" */;
			buildPhases = (
				3FDE0B1417F6FF13000A7DE1 /* Sources */,
				3FDE0B1517F6FF13000A7DE1 /* Frameworks */,
				3FDE0B1617F6FF13000A7DE1 /* Headers */,
			);
			buildRules = (
			);
			dependencies = (
			);
			name = Game2_engine;
			productName = Game2_engine;
			productReference = 3FDE0B1817F6FF13000A7DE1 /* Game2_engine.dylib */;
			productType = "com.apple.product-type.library.dynamic";
		};
/* End PBXNativeTarget section */

/* Begin PBXProject section */
		3FDE0AB317F61D8D000A7DE1 /* Project object */ = {
			isa = PBXProject;
			attributes = {
				LastUpgradeCheck = 0500;
				ORGANIZATIONNAME = "Stepanov Ilia";
			};
			buildConfigurationList = 3FDE0AB617F61D8D000A7DE1 /* Build configuration list for PBXProject "Game2" */;
			compatibilityVersion = "Xcode 3.2";
			developmentRegion = English;
			hasScannedForEncodings = 0;
			knownRegions = (
				en,
			);
			mainGroup = 3FDE0AB217F61D8D000A7DE1;
			productRefGroup = 3FDE0ABC17F61D8D000A7DE1 /* Products */;
			projectDirPath = "";
			projectRoot = "";
			targets = (
				3FDE0ABA17F61D8D000A7DE1 /* Game2 */,
				3FDE0B1717F6FF13000A7DE1 /* Game2_engine */,
			);
		};
/* End PBXProject section */

/* Begin PBXSourcesBuildPhase section */
		3FDE0AB717F61D8D000A7DE1 /* Sources */ = {
			isa = PBXSourcesBuildPhase;
			buildActionMask = 2147483647;
			files = (
				3FDE0ABF17F61D8D000A7DE1 /* main.cpp in Sources */,
			);
			runOnlyForDeploymentPostprocessing = 0;
		};
		3FDE0B1417F6FF13000A7DE1 /* Sources */ = {
			isa = PBXSourcesBuildPhase;
			buildActionMask = 2147483647;
			files = (
				3FD1F6F31826693D003B0BF4 /* RefEntity.cpp in Sources */,
				3F4ECCE2182F9540002425F7 /* CircleRenderable.cpp in Sources */,
				3FDE0B6117F7029A000A7DE1 /* Matrix4f.cpp in Sources */,
				3FDE0B6217F7029A000A7DE1 /* ThreadLock.cpp in Sources */,
				3FDE0B6317F7029A000A7DE1 /* BaseSystem.cpp in Sources */,
				3F708DB4182D4C7900BF964E /* Vector2f.cpp in Sources */,
				3FDE0B6017F7022F000A7DE1 /* GameEngine.cpp in Sources */,
				3FDE0B6F17F7029A000A7DE1 /* Renderer.cpp in Sources */,
				3F708DB7182D5B3300BF964E /* NodeComponent.cpp in Sources */,
				3F409CC81810606D00A8063B /* TargetEnergySystem.cpp in Sources */,
				3FDE0B6417F7029A000A7DE1 /* Entity.cpp in Sources */,
				3FDE0B6517F7029A000A7DE1 /* GameLogic.cpp in Sources */,
				3F548CC41827AC9B00BAE9A4 /* TowerRenderable.cpp in Sources */,
				3FDE0B6617F7029A000A7DE1 /* EntityFabric.cpp in Sources */,
				3F548CCC18297EA000BAE9A4 /* EnergyBalanceSystem.cpp in Sources */,
				3FDE0B6717F7029A000A7DE1 /* CollisionSystem.cpp in Sources */,
				3FDE0B6817F7029A000A7DE1 /* MoveSystem.cpp in Sources */,
				3FB125811837E2AA00494376 /* EnergyStorageComponent.cpp in Sources */,
				3FDB01921825750E003396A4 /* TargetComponent.cpp in Sources */,
				3F7464E0180DDDE6000650C3 /* LineRenderable.cpp in Sources */,
				3F49B7B31832B02B00EE7639 /* InputProcessor.cpp in Sources */,
				3FDE0B6917F7029A000A7DE1 /* RenderSystem.cpp in Sources */,
				3FDE0B6A17F7029A000A7DE1 /* GlobalData.cpp in Sources */,
				3FDE0B6B17F7029A000A7DE1 /* BaseRenderable.cpp in Sources */,
				3FDE0B6C17F7029A000A7DE1 /* Camera.cpp in Sources */,
				3FC2B00F1838D7DA00FA5B5E /* Cursor.cpp in Sources */,
				3F01CA2018315B34004DCCE5 /* EnergyCreatorSystem.cpp in Sources */,
				3FC2B0131838DCAD00FA5B5E /* RingRenderable.cpp in Sources */,
				3F20BB60184229C30051003D /* AISystem.cpp in Sources */,
				3FD1F6F118265A3F003B0BF4 /* ConnectorComponent.cpp in Sources */,
				3F548CD01829871E00BAE9A4 /* Game2Logic.cpp in Sources */,
				3FDE0B6D17F7029A000A7DE1 /* Grid.cpp in Sources */,
				3FDE0B6E17F7029A000A7DE1 /* RectRenderable.cpp in Sources */,
				3F708DB1182D4AF500BF964E /* Tests.cpp in Sources */,
				3FDE0B7017F7029A000A7DE1 /* Shader.cpp in Sources */,
				3FDE0B7117F7029A000A7DE1 /* Timer.cpp in Sources */,
			);
			runOnlyForDeploymentPostprocessing = 0;
		};
/* End PBXSourcesBuildPhase section */

/* Begin PBXTargetDependency section */
		3FDE0B7317F70382000A7DE1 /* PBXTargetDependency */ = {
			isa = PBXTargetDependency;
			target = 3FDE0B1717F6FF13000A7DE1 /* Game2_engine */;
			targetProxy = 3FDE0B7217F70382000A7DE1 /* PBXContainerItemProxy */;
		};
/* End PBXTargetDependency section */

/* Begin XCBuildConfiguration section */
		3FDE0AC217F61D8D000A7DE1 /* Debug */ = {
			isa = XCBuildConfiguration;
			buildSettings = {
				ALWAYS_SEARCH_USER_PATHS = NO;
				CLANG_CXX_LANGUAGE_STANDARD = "gnu++0x";
				CLANG_CXX_LIBRARY = "libc++";
				CLANG_ENABLE_OBJC_ARC = YES;
				CLANG_WARN_BOOL_CONVERSION = YES;
				CLANG_WARN_CONSTANT_CONVERSION = YES;
				CLANG_WARN_DIRECT_OBJC_ISA_USAGE = YES_ERROR;
				CLANG_WARN_EMPTY_BODY = YES;
				CLANG_WARN_ENUM_CONVERSION = YES;
				CLANG_WARN_INT_CONVERSION = YES;
				CLANG_WARN_OBJC_ROOT_CLASS = YES_ERROR;
				CLANG_WARN__DUPLICATE_METHOD_MATCH = YES;
				COPY_PHASE_STRIP = NO;
				GCC_C_LANGUAGE_STANDARD = gnu99;
				GCC_DYNAMIC_NO_PIC = NO;
				GCC_ENABLE_OBJC_EXCEPTIONS = YES;
				GCC_OPTIMIZATION_LEVEL = 0;
				GCC_PREPROCESSOR_DEFINITIONS = (
					"DEBUG=1",
					"$(inherited)",
				);
				GCC_SYMBOLS_PRIVATE_EXTERN = NO;
				GCC_WARN_64_TO_32_BIT_CONVERSION = YES;
				GCC_WARN_ABOUT_RETURN_TYPE = YES_ERROR;
				GCC_WARN_UNDECLARED_SELECTOR = YES;
				GCC_WARN_UNINITIALIZED_AUTOS = YES;
				GCC_WARN_UNUSED_FUNCTION = YES;
				GCC_WARN_UNUSED_VARIABLE = YES;
				MACOSX_DEPLOYMENT_TARGET = 10.8;
				ONLY_ACTIVE_ARCH = YES;
				SDKROOT = macosx;
			};
			name = Debug;
		};
		3FDE0AC317F61D8D000A7DE1 /* Release */ = {
			isa = XCBuildConfiguration;
			buildSettings = {
				ALWAYS_SEARCH_USER_PATHS = NO;
				CLANG_CXX_LANGUAGE_STANDARD = "gnu++0x";
				CLANG_CXX_LIBRARY = "libc++";
				CLANG_ENABLE_OBJC_ARC = YES;
				CLANG_WARN_BOOL_CONVERSION = YES;
				CLANG_WARN_CONSTANT_CONVERSION = YES;
				CLANG_WARN_DIRECT_OBJC_ISA_USAGE = YES_ERROR;
				CLANG_WARN_EMPTY_BODY = YES;
				CLANG_WARN_ENUM_CONVERSION = YES;
				CLANG_WARN_INT_CONVERSION = YES;
				CLANG_WARN_OBJC_ROOT_CLASS = YES_ERROR;
				CLANG_WARN__DUPLICATE_METHOD_MATCH = YES;
				COPY_PHASE_STRIP = YES;
				DEBUG_INFORMATION_FORMAT = "dwarf-with-dsym";
				ENABLE_NS_ASSERTIONS = NO;
				GCC_C_LANGUAGE_STANDARD = gnu99;
				GCC_ENABLE_OBJC_EXCEPTIONS = YES;
				GCC_WARN_64_TO_32_BIT_CONVERSION = YES;
				GCC_WARN_ABOUT_RETURN_TYPE = YES_ERROR;
				GCC_WARN_UNDECLARED_SELECTOR = YES;
				GCC_WARN_UNINITIALIZED_AUTOS = YES;
				GCC_WARN_UNUSED_FUNCTION = YES;
				GCC_WARN_UNUSED_VARIABLE = YES;
				MACOSX_DEPLOYMENT_TARGET = 10.8;
				SDKROOT = macosx;
			};
			name = Release;
		};
		3FDE0AC517F61D8D000A7DE1 /* Debug */ = {
			isa = XCBuildConfiguration;
			buildSettings = {
				ALWAYS_SEARCH_USER_PATHS = YES;
				GCC_PREPROCESSOR_DEFINITIONS = MAC_OS_PLATFORM;
				HEADER_SEARCH_PATHS = (
					"$(inherited)",
					/Applications/Xcode.app/Contents/Developer/Toolchains/XcodeDefault.xctoolchain/usr/include,
					/usr/local/include,
				);
				LIBRARY_SEARCH_PATHS = (
					"$(inherited)",
					/Users/Hyston/projects/glfw,
				);
				PRODUCT_NAME = "$(TARGET_NAME)";
			};
			name = Debug;
		};
		3FDE0AC617F61D8D000A7DE1 /* Release */ = {
			isa = XCBuildConfiguration;
			buildSettings = {
				ALWAYS_SEARCH_USER_PATHS = YES;
				GCC_PREPROCESSOR_DEFINITIONS = MAC_OS_PLATFORM;
				HEADER_SEARCH_PATHS = (
					"$(inherited)",
					/Applications/Xcode.app/Contents/Developer/Toolchains/XcodeDefault.xctoolchain/usr/include,
					/usr/local/include,
				);
				LIBRARY_SEARCH_PATHS = (
					"$(inherited)",
					/Users/Hyston/projects/glfw,
				);
				PRODUCT_NAME = "$(TARGET_NAME)";
			};
			name = Release;
		};
		3FDE0B2317F6FF13000A7DE1 /* Debug */ = {
			isa = XCBuildConfiguration;
			buildSettings = {
				GCC_PREPROCESSOR_DEFINITIONS = (
					"DEBUG=1",
					"$(inherited)",
					MAC_OS_PLATFORM,
				);
				MACH_O_TYPE = mh_dylib;
				PRODUCT_NAME = "$(TARGET_NAME)";
			};
			name = Debug;
		};
		3FDE0B2417F6FF13000A7DE1 /* Release */ = {
			isa = XCBuildConfiguration;
			buildSettings = {
				MACH_O_TYPE = mh_dylib;
				PRODUCT_NAME = "$(TARGET_NAME)";
			};
			name = Release;
		};
/* End XCBuildConfiguration section */

/* Begin XCConfigurationList section */
		3FDE0AB617F61D8D000A7DE1 /* Build configuration list for PBXProject "Game2" */ = {
			isa = XCConfigurationList;
			buildConfigurations = (
				3FDE0AC217F61D8D000A7DE1 /* Debug */,
				3FDE0AC317F61D8D000A7DE1 /* Release */,
			);
			defaultConfigurationIsVisible = 0;
			defaultConfigurationName = Release;
		};
		3FDE0AC417F61D8D000A7DE1 /* Build configuration list for PBXNativeTarget "Game2" */ = {
			isa = XCConfigurationList;
			buildConfigurations = (
				3FDE0AC517F61D8D000A7DE1 /* Debug */,
				3FDE0AC617F61D8D000A7DE1 /* Release */,
			);
			defaultConfigurationIsVisible = 0;
			defaultConfigurationName = Release;
		};
		3FDE0B2217F6FF13000A7DE1 /* Build configuration list for PBXNativeTarget "Game2_engine" */ = {
			isa = XCConfigurationList;
			buildConfigurations = (
				3FDE0B2317F6FF13000A7DE1 /* Debug */,
				3FDE0B2417F6FF13000A7DE1 /* Release */,
			);
			defaultConfigurationIsVisible = 0;
			defaultConfigurationName = Release;
		};
/* End XCConfigurationList section */
	};
	rootObject = 3FDE0AB317F61D8D000A7DE1 /* Project object */;
}
