// !$*UTF8*$!
{
	archiveVersion = 1;
	classes = {
	};
	objectVersion = 46;
	objects = {

/* Begin PBXBuildFile section */
		3F5262CF17FA2D64006E4A3C /* IOKit.framework in Frameworks */ = {isa = PBXBuildFile; fileRef = 3F5262CE17FA2D64006E4A3C /* IOKit.framework */; };
		3F7024D71C18AACD0051720D /* libglfw3.a in Frameworks */ = {isa = PBXBuildFile; fileRef = 3F7024D51C18A6ED0051720D /* libglfw3.a */; };
		3F7024D91C18AD600051720D /* CoreVideo.framework in Frameworks */ = {isa = PBXBuildFile; fileRef = 3F7024D81C18AD600051720D /* CoreVideo.framework */; };
		3FAD2E951A62CB5B00690E80 /* OpenGL.framework in Frameworks */ = {isa = PBXBuildFile; fileRef = 3FDE0AFB17F61FB8000A7DE1 /* OpenGL.framework */; };
		3FAD2E981A62CD9200690E80 /* Cocoa.framework in Frameworks */ = {isa = PBXBuildFile; fileRef = 3F5262D017FA2D6F006E4A3C /* Cocoa.framework */; };
		3FDE0ABF17F61D8D000A7DE1 /* main.cpp in Sources */ = {isa = PBXBuildFile; fileRef = 3FDE0ABE17F61D8D000A7DE1 /* main.cpp */; };
		3FDE0AC117F61D8D000A7DE1 /* Game2.1 in CopyFiles */ = {isa = PBXBuildFile; fileRef = 3FDE0AC017F61D8D000A7DE1 /* Game2.1 */; };
		3FDE0B7417F703DC000A7DE1 /* Game2_engine.dylib in Frameworks */ = {isa = PBXBuildFile; fileRef = 3FDE0B1817F6FF13000A7DE1 /* Game2_engine.dylib */; };
		3FDE0B7617F70F54000A7DE1 /* OpenGL.framework in Frameworks */ = {isa = PBXBuildFile; fileRef = 3FDE0AFB17F61FB8000A7DE1 /* OpenGL.framework */; };
		3FF528461A62CF240072D710 /* libz.1.2.5.dylib in Frameworks */ = {isa = PBXBuildFile; fileRef = 3FF528451A62CF240072D710 /* libz.1.2.5.dylib */; };
		3FF8F1641C18EB3A007067DC /* libpng.a in Frameworks */ = {isa = PBXBuildFile; fileRef = 3FF8F1631C18EB3A007067DC /* libpng.a */; };
/* End PBXBuildFile section */

/* Begin PBXContainerItemProxy section */
		3FDE0B7217F70382000A7DE1 /* PBXContainerItemProxy */ = {
			isa = PBXContainerItemProxy;
			containerPortal = 3FDE0AB317F61D8D000A7DE1 /* Project object */;
			proxyType = 1;
			remoteGlobalIDString = 3FDE0B1717F6FF13000A7DE1;
			remoteInfo = Game2_engine;
		};
/* End PBXContainerItemProxy section */

/* Begin PBXCopyFilesBuildPhase section */
		3FDE0AB917F61D8D000A7DE1 /* CopyFiles */ = {
			isa = PBXCopyFilesBuildPhase;
			buildActionMask = 2147483647;
			dstPath = /usr/share/man/man1/;
			dstSubfolderSpec = 0;
			files = (
				3FDE0AC117F61D8D000A7DE1 /* Game2.1 in CopyFiles */,
			);
			runOnlyForDeploymentPostprocessing = 1;
		};
/* End PBXCopyFilesBuildPhase section */

/* Begin PBXFileReference section */
		3F4353B81C19F6AA005DCFDB /* biohazard.png */ = {isa = PBXFileReference; lastKnownFileType = image.png; name = biohazard.png; path = ../../../resourses/biohazard.png; sourceTree = "<group>"; };
		3F4353B91C19F6AA005DCFDB /* butterfly.bmp */ = {isa = PBXFileReference; lastKnownFileType = image.bmp; name = butterfly.bmp; path = ../../../resourses/butterfly.bmp; sourceTree = "<group>"; };
		3F4353BA1C19F6AA005DCFDB /* font.png */ = {isa = PBXFileReference; lastKnownFileType = image.png; name = font.png; path = ../../../resourses/font.png; sourceTree = "<group>"; };
		3F4353BB1C19F6AA005DCFDB /* monster_cupcake.png */ = {isa = PBXFileReference; lastKnownFileType = image.png; name = monster_cupcake.png; path = ../../../resourses/monster_cupcake.png; sourceTree = "<group>"; };
		3F5262CE17FA2D64006E4A3C /* IOKit.framework */ = {isa = PBXFileReference; lastKnownFileType = wrapper.framework; name = IOKit.framework; path = System/Library/Frameworks/IOKit.framework; sourceTree = SDKROOT; };
		3F5262D017FA2D6F006E4A3C /* Cocoa.framework */ = {isa = PBXFileReference; lastKnownFileType = wrapper.framework; name = Cocoa.framework; path = System/Library/Frameworks/Cocoa.framework; sourceTree = SDKROOT; };
		3F7024D51C18A6ED0051720D /* libglfw3.a */ = {isa = PBXFileReference; lastKnownFileType = archive.ar; name = libglfw3.a; path = ../../../libs/glfw/libglfw3.a; sourceTree = "<group>"; };
		3F7024D81C18AD600051720D /* CoreVideo.framework */ = {isa = PBXFileReference; lastKnownFileType = wrapper.framework; name = CoreVideo.framework; path = System/Library/Frameworks/CoreVideo.framework; sourceTree = SDKROOT; };
		3FDE0ABB17F61D8D000A7DE1 /* Game2 */ = {isa = PBXFileReference; explicitFileType = "compiled.mach-o.executable"; includeInIndex = 0; path = Game2; sourceTree = BUILT_PRODUCTS_DIR; };
		3FDE0ABE17F61D8D000A7DE1 /* main.cpp */ = {isa = PBXFileReference; lastKnownFileType = sourcecode.cpp.cpp; path = main.cpp; sourceTree = "<group>"; };
		3FDE0AC017F61D8D000A7DE1 /* Game2.1 */ = {isa = PBXFileReference; lastKnownFileType = text.man; path = Game2.1; sourceTree = "<group>"; };
		3FDE0AFB17F61FB8000A7DE1 /* OpenGL.framework */ = {isa = PBXFileReference; lastKnownFileType = wrapper.framework; name = OpenGL.framework; path = System/Library/Frameworks/OpenGL.framework; sourceTree = SDKROOT; };
		3FDE0B1817F6FF13000A7DE1 /* Game2_engine.dylib */ = {isa = PBXFileReference; explicitFileType = "compiled.mach-o.dylib"; includeInIndex = 0; path = Game2_engine.dylib; sourceTree = BUILT_PRODUCTS_DIR; };
		3FDE0B1B17F6FF13000A7DE1 /* Game2_engine-Prefix.pch */ = {isa = PBXFileReference; lastKnownFileType = sourcecode.c.h; path = "Game2_engine-Prefix.pch"; sourceTree = "<group>"; };
		3FDE0B1C17F6FF13000A7DE1 /* Game2_engineProj.xcconfig */ = {isa = PBXFileReference; lastKnownFileType = text.xcconfig; path = Game2_engineProj.xcconfig; sourceTree = "<group>"; };
		3FDE0B1D17F6FF13000A7DE1 /* Game2_engineTarget.xcconfig */ = {isa = PBXFileReference; lastKnownFileType = text.xcconfig; path = Game2_engineTarget.xcconfig; sourceTree = "<group>"; };
		3FF40D851E12889B0023E5ED /* engine */ = {isa = PBXFileReference; lastKnownFileType = folder; name = engine; path = ../../../../src/engine; sourceTree = "<group>"; };
		3FF528451A62CF240072D710 /* libz.1.2.5.dylib */ = {isa = PBXFileReference; lastKnownFileType = "compiled.mach-o.dylib"; name = libz.1.2.5.dylib; path = usr/lib/libz.1.2.5.dylib; sourceTree = SDKROOT; };
		3FF8F1631C18EB3A007067DC /* libpng.a */ = {isa = PBXFileReference; lastKnownFileType = archive.ar; name = libpng.a; path = ../../../libs/libpng/libpng.a; sourceTree = "<group>"; };
/* End PBXFileReference section */

/* Begin PBXFrameworksBuildPhase section */
		3FDE0AB817F61D8D000A7DE1 /* Frameworks */ = {
			isa = PBXFrameworksBuildPhase;
			buildActionMask = 2147483647;
			files = (
				3F7024D91C18AD600051720D /* CoreVideo.framework in Frameworks */,
				3F7024D71C18AACD0051720D /* libglfw3.a in Frameworks */,
				3FAD2E981A62CD9200690E80 /* Cocoa.framework in Frameworks */,
				3FAD2E951A62CB5B00690E80 /* OpenGL.framework in Frameworks */,
				3F5262CF17FA2D64006E4A3C /* IOKit.framework in Frameworks */,
				3FDE0B7417F703DC000A7DE1 /* Game2_engine.dylib in Frameworks */,
			);
			runOnlyForDeploymentPostprocessing = 0;
		};
		3FDE0B1517F6FF13000A7DE1 /* Frameworks */ = {
			isa = PBXFrameworksBuildPhase;
			buildActionMask = 2147483647;
			files = (
				3FF8F1641C18EB3A007067DC /* libpng.a in Frameworks */,
				3FF528461A62CF240072D710 /* libz.1.2.5.dylib in Frameworks */,
				3FDE0B7617F70F54000A7DE1 /* OpenGL.framework in Frameworks */,
			);
			runOnlyForDeploymentPostprocessing = 0;
		};
/* End PBXFrameworksBuildPhase section */

/* Begin PBXGroup section */
		3F4353B71C19F68B005DCFDB /* Resources */ = {
			isa = PBXGroup;
			children = (
				3F4353B81C19F6AA005DCFDB /* biohazard.png */,
				3F4353B91C19F6AA005DCFDB /* butterfly.bmp */,
				3F4353BA1C19F6AA005DCFDB /* font.png */,
				3F4353BB1C19F6AA005DCFDB /* monster_cupcake.png */,
			);
			name = Resources;
			sourceTree = "<group>";
		};
		3FDE0AB217F61D8D000A7DE1 = {
			isa = PBXGroup;
			children = (
				3FF8F1631C18EB3A007067DC /* libpng.a */,
				3F7024D81C18AD600051720D /* CoreVideo.framework */,
				3F7024D51C18A6ED0051720D /* libglfw3.a */,
				3FF528451A62CF240072D710 /* libz.1.2.5.dylib */,
				3F5262D017FA2D6F006E4A3C /* Cocoa.framework */,
				3F5262CE17FA2D64006E4A3C /* IOKit.framework */,
				3FDE0AFB17F61FB8000A7DE1 /* OpenGL.framework */,
				3F4353B71C19F68B005DCFDB /* Resources */,
				3FDE0ABD17F61D8D000A7DE1 /* Game2 */,
				3FDE0B1917F6FF13000A7DE1 /* Game2_engine */,
				3FDE0ABC17F61D8D000A7DE1 /* Products */,
			);
			sourceTree = "<group>";
		};
		3FDE0ABC17F61D8D000A7DE1 /* Products */ = {
			isa = PBXGroup;
			children = (
				3FDE0ABB17F61D8D000A7DE1 /* Game2 */,
				3FDE0B1817F6FF13000A7DE1 /* Game2_engine.dylib */,
			);
			name = Products;
			sourceTree = "<group>";
		};
		3FDE0ABD17F61D8D000A7DE1 /* Game2 */ = {
			isa = PBXGroup;
			children = (
				3FDE0ABE17F61D8D000A7DE1 /* main.cpp */,
				3FDE0AC017F61D8D000A7DE1 /* Game2.1 */,
			);
			path = Game2;
			sourceTree = "<group>";
		};
		3FDE0B1917F6FF13000A7DE1 /* Game2_engine */ = {
			isa = PBXGroup;
			children = (
				3FF40D851E12889B0023E5ED /* engine */,
				3FDE0B1C17F6FF13000A7DE1 /* Game2_engineProj.xcconfig */,
				3FDE0B1D17F6FF13000A7DE1 /* Game2_engineTarget.xcconfig */,
				3FDE0B1A17F6FF13000A7DE1 /* Supporting Files */,
			);
			path = Game2_engine;
			sourceTree = "<group>";
		};
		3FDE0B1A17F6FF13000A7DE1 /* Supporting Files */ = {
			isa = PBXGroup;
			children = (
				3FDE0B1B17F6FF13000A7DE1 /* Game2_engine-Prefix.pch */,
			);
			name = "Supporting Files";
			sourceTree = "<group>";
		};
/* End PBXGroup section */

/* Begin PBXHeadersBuildPhase section */
		3FDE0B1617F6FF13000A7DE1 /* Headers */ = {
			isa = PBXHeadersBuildPhase;
			buildActionMask = 2147483647;
			files = (
			);
			runOnlyForDeploymentPostprocessing = 0;
		};
/* End PBXHeadersBuildPhase section */

/* Begin PBXNativeTarget section */
		3FDE0ABA17F61D8D000A7DE1 /* Game2 */ = {
			isa = PBXNativeTarget;
			buildConfigurationList = 3FDE0AC417F61D8D000A7DE1 /* Build configuration list for PBXNativeTarget "Game2" */;
			buildPhases = (
				3FDE0AB717F61D8D000A7DE1 /* Sources */,
				3FDE0AB817F61D8D000A7DE1 /* Frameworks */,
				3FDE0AB917F61D8D000A7DE1 /* CopyFiles */,
			);
			buildRules = (
			);
			dependencies = (
				3FDE0B7317F70382000A7DE1 /* PBXTargetDependency */,
			);
			name = Game2;
			productName = Game2;
			productReference = 3FDE0ABB17F61D8D000A7DE1 /* Game2 */;
			productType = "com.apple.product-type.tool";
		};
		3FDE0B1717F6FF13000A7DE1 /* Game2_engine */ = {
			isa = PBXNativeTarget;
			buildConfigurationList = 3FDE0B2217F6FF13000A7DE1 /* Build configuration list for PBXNativeTarget "Game2_engine" */;
			buildPhases = (
				3FDE0B1417F6FF13000A7DE1 /* Sources */,
				3FDE0B1517F6FF13000A7DE1 /* Frameworks */,
				3FDE0B1617F6FF13000A7DE1 /* Headers */,
			);
			buildRules = (
			);
			dependencies = (
			);
			name = Game2_engine;
			productName = Game2_engine;
			productReference = 3FDE0B1817F6FF13000A7DE1 /* Game2_engine.dylib */;
			productType = "com.apple.product-type.library.dynamic";
		};
/* End PBXNativeTarget section */

/* Begin PBXProject section */
		3FDE0AB317F61D8D000A7DE1 /* Project object */ = {
			isa = PBXProject;
			attributes = {
				LastUpgradeCheck = 0610;
				ORGANIZATIONNAME = "Stepanov Ilia";
			};
			buildConfigurationList = 3FDE0AB617F61D8D000A7DE1 /* Build configuration list for PBXProject "Game2" */;
			compatibilityVersion = "Xcode 3.2";
			developmentRegion = English;
			hasScannedForEncodings = 0;
			knownRegions = (
				en,
			);
			mainGroup = 3FDE0AB217F61D8D000A7DE1;
			productRefGroup = 3FDE0ABC17F61D8D000A7DE1 /* Products */;
			projectDirPath = "";
			projectRoot = "";
			targets = (
				3FDE0ABA17F61D8D000A7DE1 /* Game2 */,
				3FDE0B1717F6FF13000A7DE1 /* Game2_engine */,
			);
		};
/* End PBXProject section */

/* Begin PBXSourcesBuildPhase section */
		3FDE0AB717F61D8D000A7DE1 /* Sources */ = {
			isa = PBXSourcesBuildPhase;
			buildActionMask = 2147483647;
			files = (
				3FDE0ABF17F61D8D000A7DE1 /* main.cpp in Sources */,
			);
			runOnlyForDeploymentPostprocessing = 0;
		};
		3FDE0B1417F6FF13000A7DE1 /* Sources */ = {
			isa = PBXSourcesBuildPhase;
			buildActionMask = 2147483647;
			files = (
			);
			runOnlyForDeploymentPostprocessing = 0;
		};
/* End PBXSourcesBuildPhase section */

/* Begin PBXTargetDependency section */
		3FDE0B7317F70382000A7DE1 /* PBXTargetDependency */ = {
			isa = PBXTargetDependency;
			target = 3FDE0B1717F6FF13000A7DE1 /* Game2_engine */;
			targetProxy = 3FDE0B7217F70382000A7DE1 /* PBXContainerItemProxy */;
		};
/* End PBXTargetDependency section */

/* Begin XCBuildConfiguration section */
		3FDE0AC217F61D8D000A7DE1 /* Debug */ = {
			isa = XCBuildConfiguration;
			buildSettings = {
				ALWAYS_SEARCH_USER_PATHS = NO;
				CLANG_CXX_LANGUAGE_STANDARD = "gnu++0x";
				CLANG_CXX_LIBRARY = "libc++";
				CLANG_ENABLE_OBJC_ARC = YES;
				CLANG_WARN_BOOL_CONVERSION = YES;
				CLANG_WARN_CONSTANT_CONVERSION = YES;
				CLANG_WARN_DIRECT_OBJC_ISA_USAGE = YES_ERROR;
				CLANG_WARN_EMPTY_BODY = YES;
				CLANG_WARN_ENUM_CONVERSION = YES;
				CLANG_WARN_INT_CONVERSION = YES;
				CLANG_WARN_OBJC_ROOT_CLASS = YES_ERROR;
				CLANG_WARN__DUPLICATE_METHOD_MATCH = YES;
				COPY_PHASE_STRIP = NO;
				FRAMEWORK_SEARCH_PATHS = "../../../libs/**";
				GCC_C_LANGUAGE_STANDARD = gnu99;
				GCC_DYNAMIC_NO_PIC = NO;
				GCC_ENABLE_OBJC_EXCEPTIONS = YES;
				GCC_OPTIMIZATION_LEVEL = 0;
				GCC_PREPROCESSOR_DEFINITIONS = (
					"DEBUG=1",
					"$(inherited)",
				);
				GCC_SYMBOLS_PRIVATE_EXTERN = NO;
				GCC_WARN_64_TO_32_BIT_CONVERSION = YES;
				GCC_WARN_ABOUT_RETURN_TYPE = YES_ERROR;
				GCC_WARN_UNDECLARED_SELECTOR = YES;
				GCC_WARN_UNINITIALIZED_AUTOS = YES;
				GCC_WARN_UNUSED_FUNCTION = YES;
				GCC_WARN_UNUSED_VARIABLE = YES;
				HEADER_SEARCH_PATHS = (
					"../../../libs/**",
					"../../../src/engine/**",
				);
				LIBRARY_SEARCH_PATHS = "../../../libs/**";
				MACOSX_DEPLOYMENT_TARGET = 10.8;
				ONLY_ACTIVE_ARCH = YES;
				SDKROOT = macosx;
			};
			name = Debug;
		};
		3FDE0AC317F61D8D000A7DE1 /* Release */ = {
			isa = XCBuildConfiguration;
			buildSettings = {
				ALWAYS_SEARCH_USER_PATHS = NO;
				CLANG_CXX_LANGUAGE_STANDARD = "gnu++0x";
				CLANG_CXX_LIBRARY = "libc++";
				CLANG_ENABLE_OBJC_ARC = YES;
				CLANG_WARN_BOOL_CONVERSION = YES;
				CLANG_WARN_CONSTANT_CONVERSION = YES;
				CLANG_WARN_DIRECT_OBJC_ISA_USAGE = YES_ERROR;
				CLANG_WARN_EMPTY_BODY = YES;
				CLANG_WARN_ENUM_CONVERSION = YES;
				CLANG_WARN_INT_CONVERSION = YES;
				CLANG_WARN_OBJC_ROOT_CLASS = YES_ERROR;
				CLANG_WARN__DUPLICATE_METHOD_MATCH = YES;
				COPY_PHASE_STRIP = YES;
				DEBUG_INFORMATION_FORMAT = "dwarf-with-dsym";
				ENABLE_NS_ASSERTIONS = NO;
				FRAMEWORK_SEARCH_PATHS = "../../../libs/**";
				GCC_C_LANGUAGE_STANDARD = gnu99;
				GCC_ENABLE_OBJC_EXCEPTIONS = YES;
				GCC_WARN_64_TO_32_BIT_CONVERSION = YES;
				GCC_WARN_ABOUT_RETURN_TYPE = YES_ERROR;
				GCC_WARN_UNDECLARED_SELECTOR = YES;
				GCC_WARN_UNINITIALIZED_AUTOS = YES;
				GCC_WARN_UNUSED_FUNCTION = YES;
				GCC_WARN_UNUSED_VARIABLE = YES;
				HEADER_SEARCH_PATHS = (
					"../../../libs/**",
					"../../../src/engine/**",
				);
				LIBRARY_SEARCH_PATHS = "../../../libs/**";
				MACOSX_DEPLOYMENT_TARGET = 10.8;
				SDKROOT = macosx;
			};
			name = Release;
		};
		3FDE0AC517F61D8D000A7DE1 /* Debug */ = {
			isa = XCBuildConfiguration;
			buildSettings = {
				ALWAYS_SEARCH_USER_PATHS = YES;
				FRAMEWORK_SEARCH_PATHS = "$(inherited)";
				GCC_PREPROCESSOR_DEFINITIONS = MAC_OS_PLATFORM;
				HEADER_SEARCH_PATHS = (
					"$(inherited)",
					/Applications/Xcode.app/Contents/Developer/Toolchains/XcodeDefault.xctoolchain/usr/include,
					/usr/local/include,
				);
				LIBRARY_SEARCH_PATHS = "$(inherited)";
				PRODUCT_NAME = "$(TARGET_NAME)";
				SYMROOT = build;
				USER_HEADER_SEARCH_PATHS = "";
			};
			name = Debug;
		};
		3FDE0AC617F61D8D000A7DE1 /* Release */ = {
			isa = XCBuildConfiguration;
			buildSettings = {
				ALWAYS_SEARCH_USER_PATHS = YES;
				FRAMEWORK_SEARCH_PATHS = "$(inherited)";
				GCC_PREPROCESSOR_DEFINITIONS = MAC_OS_PLATFORM;
				HEADER_SEARCH_PATHS = (
					"$(inherited)",
					/Applications/Xcode.app/Contents/Developer/Toolchains/XcodeDefault.xctoolchain/usr/include,
					/usr/local/include,
				);
				LIBRARY_SEARCH_PATHS = "$(inherited)";
				PRODUCT_NAME = "$(TARGET_NAME)";
				SYMROOT = build;
				USER_HEADER_SEARCH_PATHS = "";
			};
			name = Release;
		};
		3FDE0B2317F6FF13000A7DE1 /* Debug */ = {
			isa = XCBuildConfiguration;
			buildSettings = {
				COMBINE_HIDPI_IMAGES = YES;
				FRAMEWORK_SEARCH_PATHS = "$(inherited)";
				GCC_PREPROCESSOR_DEFINITIONS = (
					"DEBUG=1",
					"$(inherited)",
					MAC_OS_PLATFORM,
				);
				HEADER_SEARCH_PATHS = (
					"$(inherited)",
					../../../src/engine/,
				);
				LIBRARY_SEARCH_PATHS = "$(inherited)";
				MACH_O_TYPE = mh_dylib;
				PRODUCT_NAME = "$(TARGET_NAME)";
			};
			name = Debug;
		};
		3FDE0B2417F6FF13000A7DE1 /* Release */ = {
			isa = XCBuildConfiguration;
			buildSettings = {
				COMBINE_HIDPI_IMAGES = YES;
				FRAMEWORK_SEARCH_PATHS = "$(inherited)";
				GCC_PREPROCESSOR_DEFINITIONS = MAC_OS_PLATFORM;
				"GCC_PREPROCESSOR_DEFINITIONS[arch=*]" = "";
				HEADER_SEARCH_PATHS = (
					"$(inherited)",
					../../../src/engine/,
				);
				LIBRARY_SEARCH_PATHS = "$(inherited)";
				MACH_O_TYPE = mh_dylib;
				PRODUCT_NAME = "$(TARGET_NAME)";
			};
			name = Release;
		};
/* End XCBuildConfiguration section */

/* Begin XCConfigurationList section */
		3FDE0AB617F61D8D000A7DE1 /* Build configuration list for PBXProject "Game2" */ = {
			isa = XCConfigurationList;
			buildConfigurations = (
				3FDE0AC217F61D8D000A7DE1 /* Debug */,
				3FDE0AC317F61D8D000A7DE1 /* Release */,
			);
			defaultConfigurationIsVisible = 0;
			defaultConfigurationName = Release;
		};
		3FDE0AC417F61D8D000A7DE1 /* Build configuration list for PBXNativeTarget "Game2" */ = {
			isa = XCConfigurationList;
			buildConfigurations = (
				3FDE0AC517F61D8D000A7DE1 /* Debug */,
				3FDE0AC617F61D8D000A7DE1 /* Release */,
			);
			defaultConfigurationIsVisible = 0;
			defaultConfigurationName = Release;
		};
		3FDE0B2217F6FF13000A7DE1 /* Build configuration list for PBXNativeTarget "Game2_engine" */ = {
			isa = XCConfigurationList;
			buildConfigurations = (
				3FDE0B2317F6FF13000A7DE1 /* Debug */,
				3FDE0B2417F6FF13000A7DE1 /* Release */,
			);
			defaultConfigurationIsVisible = 0;
			defaultConfigurationName = Release;
		};
/* End XCConfigurationList section */
	};
	rootObject = 3FDE0AB317F61D8D000A7DE1 /* Project object */;
}
